{
  "name": "snowy",
  "version": "1.0.0",
  "lockfileVersion": 3,
  "requires": true,
  "packages": {
    "": {
      "name": "snowy",
      "version": "1.0.0",
      "license": "ISC",
      "devDependencies": {
        "@playwright/test": "^1.59.1",
        "@types/node": "^26.1.1",
        "lefthook": "^2.1.8"
      }
    },
    "node_modules/@playwright/test": {
      "version": "1.62.1",
      "resolved": "https://registry.npmjs.org/@playwright/test/-/test-1.62.1.tgz",
      "integrity": "sha512-DTcUc8qii+cpHvtOwggMtBRMjKZHXYWdw8syRYu2vtzuq4Wxphqq4NfCs5Zt44L6mA8rfDfj+PHnxFc/FeK6mQ==",
      "dev": true,
      "license": "Apache-2.0",
      "dependencies": {
        "playwright": "1.62.1"
      },
      "bin": {
        "playwright": "cli.js"
      },
      "engines": {
        "node": ">=20"
      }
    },
    "node_modules/@types/node": {
      "version": "26.4.0",
      "resolved": "https://registry.npmjs.org/@types/node/-/node-26.4.0.tgz",
      "integrity": "sha512-faiGnoIrLH/V8cibOMEAZ8pMw6oXqSukl29ra4mN8GdaB2ZewzeaLj+INpV5N+Z1eKWzY+IzaIZH2EIR6YZRNQ==",
      "dev": true,
      "license": "MIT",
      "dependencies": {
        "undici-types": "~8.3.0"
      }
    },
    "node_modules/fsevents": {
      "version": "2.3.2",
      "resolved": "https://registry.npmjs.org/fsevents/-/fsevents-2.3.2.tgz",
      "integrity": "sha512-xiqMQR4xAeHTuB9uWm+fFRcIOgKBMiOBP+eXiyT7jsgVCq1bkVygt00oASowB7EdtpOHaaPgKt812P9ab+DDKA==",
      "dev": true,
      "hasInstallScript": true,
      "license": "MIT",
      "optional": true,
      "os": [
        "darwin"
      ],
      "engines": {
        "node": "^8.16.0 || ^10.6.0 || >=11.0.0"
      }
    },
    "node_modules/lefthook": {
      "version": "2.1.12",
      "resolved": "https://registry.npmjs.org/lefthook/-/lefthook-2.1.12.tgz",
      "integrity": "sha512-2uOexfsrrRhCiTUWdGyDySxVHHhOFJ8MQejs27dM3hugrQB48/z1ZVlaNoxpZ1SnzQ1GaDIbO5rAvicwyiknYQ==",
      "dev": true,
      "hasInstallScript": true,
      "license": "MIT",
      "bin": {
        "lefthook": "bin/index.js"
      },
      "optionalDependencies": {
        "lefthook-darwin-arm64": "2.1.12",
        "lefthook-darwin-x64": "2.1.12",
        "lefthook-freebsd-arm64": "2.1.12",
        "lefthook-freebsd-x64": "2.1.12",
        "lefthook-linux-arm64": "2.1.12",
        "lefthook-linux-x64": "2.1.12",
        "lefthook-openbsd-arm64": "2.1.12",
        "lefthook-openbsd-x64": "2.1.12",
        "lefthook-windows-arm64": "2.1.12",
        "lefthook-windows-x64": "2.1.12"
      }
    },
    "node_modules/lefthook-darwin-arm64": {
      "version": "2.1.12",
      "resolved": "https://registry.npmjs.org/lefthook-darwin-arm64/-/lefthook-darwin-arm64-2.1.12.tgz",
      "integrity": "sha512-GSUjqaCuxAYlPOovbjXEWE3HAIa/xOQkTTmZ937zieQldjPLTaC7+s5FHoxKywn+D9riBlofkDqG7Z4f5zzmPA==",
      "cpu": [
        "arm64"
      ],
      "dev": true,
      "license": "MIT",
      "optional": true,
      "os": [
        "darwin"
      ]
    },
    "node_modules/lefthook-darwin-x64": {
      "version": "2.1.12",
      "resolved": "https://registry.npmjs.org/lefthook-darwin-x64/-/lefthook-darwin-x64-2.1.12.tgz",
      "integrity": "sha512-qAUHSSw/7Afi5wxkoLkxORxSicCeTBXyVLnRgD6YZra6udviozpK3Aok9Z6FIWeKc5FBijRMSNDxGPTREhsjcQ==",
      "cpu": [
        "x64"
      ],
      "dev": true,
      "license": "MIT",
      "optional": true,
      "os": [
        "darwin"
      ]
    },
    "node_modules/lefthook-freebsd-arm64": {
      "version": "2.1.12",
      "resolved": "https://registry.npmjs.org/lefthook-freebsd-arm64/-/lefthook-freebsd-arm64-2.1.12.tgz",
      "integrity": "sha512-FHZRfKliFNbyz54zsoGdVe9muq67cNjBTZ6jrPPUjI7xUuyCwSpzA+1OpiwJT00L9pP5ZGONBqnGZKnrpC+7Uw==",
      "cpu": [
        "arm64"
      ],
      "dev": true,
      "license": "MIT",
      "optional": true,
      "os": [
        "freebsd"
      ]
    },
    "node_modules/lefthook-freebsd-x64": {
      "version": "2.1.12",
      "resolved": "https://registry.npmjs.org/lefthook-freebsd-x64/-/lefthook-freebsd-x64-2.1.12.tgz",
      "integrity": "sha512-HYQZPGy2DDEx7dbuotusJpujY5q9igOLgx36qeeQcNQuvvdGHPj2ZGSIsGKhoJ0dw5Qa4knKJoPAHEZQWdV/og==",
      "cpu": [
        "x64"
      ],
      "dev": true,
      "license": "MIT",
      "optional": true,
      "os": [
        "freebsd"
      ]
    },
    "node_modules/lefthook-linux-arm64": {
      "version": "2.1.12",
      "resolved": "https://registry.npmjs.org/lefthook-linux-arm64/-/lefthook-linux-arm64-2.1.12.tgz",
      "integrity": "sha512-ipjOri2PB/sk4noPrHQuM5fcpNBjmlKo4qMtXyLnxeOxGYHWZzf0Xi0OtrXHQ//tOprcv40ADvhUuSdcGqigLw==",
      "cpu": [
        "arm64"
      ],
      "dev": true,
      "license": "MIT",
      "optional": true,
      "os": [
        "linux"
      ]
    },
    "node_modules/lefthook-linux-x64": {
      "version": "2.1.12",
      "resolved": "https://registry.npmjs.org/lefthook-linux-x64/-/lefthook-linux-x64-2.1.12.tgz",
      "integrity": "sha512-DmU6xfvqVoFdW+STyc70YI4Ry8vkHGKHx+IJ1Js/Gacq5dv+fiwNzwle3bi28EkL6P8xY67B/CfQfRj4SRU4tg==",
      "cpu": [
        "x64"
      ],
      "dev": true,
      "license": "MIT",
      "optional": true,
      "os": [
        "linux"
      ]
    },
    "node_modules/lefthook-openbsd-arm64": {
      "version": "2.1.12",
      "resolved": "https://registry.npmjs.org/lefthook-openbsd-arm64/-/lefthook-openbsd-arm64-2.1.12.tgz",
      "integrity": "sha512-vb0J7bElLvoaCWQmna3HntsvoNqMsGAhfjjC99ss1OdCteufZKM3RxCVoMBEbD50Itv2c1Ua2AFVToltVFTy1Q==",
      "cpu": [
        "arm64"
      ],
      "dev": true,
      "license": "MIT",
      "optional": true,
      "os": [
        "openbsd"
      ]
    },
    "node_modules/lefthook-openbsd-x64": {
      "version": "2.1.12",
      "resolved": "https://registry.npmjs.org/lefthook-openbsd-x64/-/lefthook-openbsd-x64-2.1.12.tgz",
      "integrity": "sha512-QOmhDWqPPK4+99scanfEmbJjUR+JYC93qhr/0bp5Dj3LaR3kVFNWc6zOQUsOTPy/LC6PG759Lej/mr/BtjUL2Q==",
      "cpu": [
        "x64"
      ],
      "dev": true,
      "license": "MIT",
      "optional": true,
      "os": [
        "openbsd"
      ]
    },
    "node_modules/lefthook-windows-arm64": {
      "version": "2.1.12",
      "resolved": "https://registry.npmjs.org/lefthook-windows-arm64/-/lefthook-windows-arm64-2.1.12.tgz",
      "integrity": "sha512-eErEyr9AHkRFj6TxpCQeKGd0s6IrtL/VEIZ/ssg8dNfG+ycR4jAW/IAlrJSw6/ZQXb3WtWLaQ6QA5c+TLh7vmg==",
      "cpu": [
        "arm64"
      ],
      "dev": true,
      "license": "MIT",
      "optional": true,
      "os": [
        "win32"
      ]
    },
    "node_modules/lefthook-windows-x64": {
      "version": "2.1.12",
      "resolved": "https://registry.npmjs.org/lefthook-windows-x64/-/lefthook-windows-x64-2.1.12.tgz",
      "integrity": "sha512-0h+WmDVdDriTjloD/UbjPq/ZtqaaJlPAdGcVwMCEdAxfbF0FTgDbKX3igui9g2U/qG2y6QpVhtz1jeiRe7ctaw==",
      "cpu": [
        "x64"
      ],
      "dev": true,
      "license": "MIT",
      "optional": true,
      "os": [
        "win32"
      ]
    },
    "node_modules/playwright": {
      "version": "1.62.1",
      "resolved": "https://registry.npmjs.org/playwright/-/playwright-1.62.1.tgz",
      "integrity": "sha512-0M+L3LAD8/nm554LOla9Ayx0j0tmFZ0FBcoQ7F1VuVHpM/XpiC8RcDzBQB8W5+hA8L22THxELzeF+2WcUzvcLg==",
      "dev": true,
      "license": "Apache-2.0",
      "dependencies": {
        "playwright-core": "1.62.1"
      },
      "bin": {
        "playwright": "cli.js"
      },
      "engines": {
        "node": ">=20"
      },
      "optionalDependencies": {
        "fsevents": "2.3.2"
      }
    },
    "node_modules/playwright-core": {
      "version": "1.62.1",
      "resolved": "https://registry.npmjs.org/playwright-core/-/playwright-core-1.62.1.tgz",
      "integrity": "sha512-wPYSwEBJY9GHraISXqyqtx0na0LpO3XEX7jNDhntbex7tzUS7kLnZsOlFruFJB4Hi/rhDMjXGqHewDZ68nYZVw==",
      "dev": true,
      "license": "Apache-2.0",
      "bin": {
        "playwright-core": "cli.js"
      },
      "engines": {
        "node": ">=20"
      }
    },
    "node_modules/undici-types": {
      "version": "8.3.0",
      "resolved": "https://registry.npmjs.org/undici-types/-/undici-types-8.3.0.tgz",
      "integrity": "sha512-j375ScV60dom+YkPFIfTLcOiPxkN/buHz5GobjLhixFuANaNs3C9l4GmrWqejgXWJ7BbJcFYpTEUkS1Ge8bpZQ==",
      "dev": true,
      "license": "MIT"
    }
  }
}
